{
  "version": 4,
  "terraform_version": "1.3.4",
  "serial": 20,
  "lineage": "b1323a57-ebb4-b399-8fca-2176bc731bad",
  "outputs": {},
  "resources": [
    {
      "mode": "data",
      "type": "google_iam_policy",
      "name": "noauth",
      "provider": "provider[\"registry.terraform.io/hashicorp/google-beta\"]",
      "instances": [
        {
          "schema_version": 0,
          "attributes": {
            "audit_config": null,
            "binding": [
              {
                "condition": [],
                "members": [
                  "allUsers"
                ],
                "role": "roles/run.invoker"
              }
            ],
            "id": "3450855414",
            "policy_data": "{\"bindings\":[{\"members\":[\"allUsers\"],\"role\":\"roles/run.invoker\"}]}"
          },
          "sensitive_attributes": []
        }
      ]
    },
    {
      "mode": "managed",
      "type": "google_cloud_run_service",
      "name": "editor",
      "provider": "provider[\"registry.terraform.io/hashicorp/google-beta\"]",
      "instances": [
        {
          "schema_version": 1,
          "attributes": {
            "autogenerate_revision_name": false,
            "id": "locations/us-central1/namespaces/serious-dialect-367517/services/editor",
            "location": "us-central1",
            "metadata": [
              {
                "annotations": {
                  "run.googleapis.com/ingress": "all",
                  "run.googleapis.com/ingress-status": "all",
                  "serving.knative.dev/creator": "charan484k@gmail.com",
                  "serving.knative.dev/lastModifier": "charan484k@gmail.com"
                },
                "generation": 1,
                "labels": {
                  "cloud.googleapis.com/location": "us-central1"
                },
                "namespace": "serious-dialect-367517",
                "resource_version": "AAXul6VYgiM",
                "self_link": "/apis/serving.knative.dev/v1/namespaces/568723776311/services/editor",
                "uid": "bd856148-4369-406c-99d0-a2d8e5770bb8"
              }
            ],
            "name": "editor",
            "project": "serious-dialect-367517",
            "status": [
              {
                "conditions": [
                  {
                    "message": "",
                    "reason": "",
                    "status": "True",
                    "type": "Ready"
                  },
                  {
                    "message": "",
                    "reason": "",
                    "status": "True",
                    "type": "ConfigurationsReady"
                  },
                  {
                    "message": "",
                    "reason": "",
                    "status": "True",
                    "type": "RoutesReady"
                  }
                ],
                "latest_created_revision_name": "editor-xlw56",
                "latest_ready_revision_name": "editor-xlw56",
                "observed_generation": 1,
                "url": "https://editor-27m4azpmnq-uc.a.run.app"
              }
            ],
            "template": [
              {
                "metadata": [
                  {
                    "annotations": {
                      "autoscaling.knative.dev/maxScale": "3"
                    },
                    "generation": 0,
                    "labels": {},
                    "name": "",
                    "namespace": "",
                    "resource_version": "",
                    "self_link": "",
                    "uid": ""
                  }
                ],
                "spec": [
                  {
                    "container_concurrency": 80,
                    "containers": [
                      {
                        "args": null,
                        "command": null,
                        "env": [
                          {
                            "name": "EDITOR_UPSTREAM_RENDER_URL",
                            "value": "https://renderer-27m4azpmnq-uc.a.run.app",
                            "value_from": []
                          }
                        ],
                        "env_from": [],
                        "image": "gcr.io/serious-dialect-367517/editor",
                        "liveness_probe": [],
                        "ports": [
                          {
                            "container_port": 8080,
                            "name": "http1",
                            "protocol": ""
                          }
                        ],
                        "resources": [
                          {
                            "limits": {
                              "cpu": "1000m",
                              "memory": "512Mi"
                            },
                            "requests": {}
                          }
                        ],
                        "startup_probe": [],
                        "volume_mounts": [],
                        "working_dir": ""
                      }
                    ],
                    "service_account_name": "editor-identity@serious-dialect-367517.iam.gserviceaccount.com",
                    "serving_state": "",
                    "timeout_seconds": 300,
                    "volumes": []
                  }
                ]
              }
            ],
            "timeouts": null,
            "traffic": [
              {
                "latest_revision": true,
                "percent": 100,
                "revision_name": "",
                "tag": "",
                "url": ""
              }
            ]
          },
          "sensitive_attributes": [],
          "private": "eyJlMmJmYjczMC1lY2FhLTExZTYtOGY4OC0zNDM2M2JjN2M0YzAiOnsiY3JlYXRlIjoxMjAwMDAwMDAwMDAwLCJkZWxldGUiOjEyMDAwMDAwMDAwMDAsInVwZGF0ZSI6MTIwMDAwMDAwMDAwMH0sInNjaGVtYV92ZXJzaW9uIjoiMSJ9",
          "dependencies": [
            "google_cloud_run_service.renderer",
            "google_service_account.editor",
            "google_service_account.renderer",
            "null_resource.editor",
            "null_resource.git_clone"
          ]
        }
      ]
    },
    {
      "mode": "managed",
      "type": "google_cloud_run_service",
      "name": "renderer",
      "provider": "provider[\"registry.terraform.io/hashicorp/google-beta\"]",
      "instances": [
        {
          "schema_version": 1,
          "attributes": {
            "autogenerate_revision_name": false,
            "id": "locations/us-central1/namespaces/serious-dialect-367517/services/renderer",
            "location": "us-central1",
            "metadata": [
              {
                "annotations": {
                  "run.googleapis.com/ingress": "all",
                  "run.googleapis.com/ingress-status": "all",
                  "serving.knative.dev/creator": "charan484k@gmail.com",
                  "serving.knative.dev/lastModifier": "charan484k@gmail.com"
                },
                "generation": 1,
                "labels": {
                  "cloud.googleapis.com/location": "us-central1"
                },
                "namespace": "serious-dialect-367517",
                "resource_version": "AAXul6SAt00",
                "self_link": "/apis/serving.knative.dev/v1/namespaces/568723776311/services/renderer",
                "uid": "e76bd11e-fff3-4f27-bbbd-8428a56a5c31"
              }
            ],
            "name": "renderer",
            "project": "serious-dialect-367517",
            "status": [
              {
                "conditions": [
                  {
                    "message": "",
                    "reason": "",
                    "status": "True",
                    "type": "Ready"
                  },
                  {
                    "message": "",
                    "reason": "",
                    "status": "True",
                    "type": "ConfigurationsReady"
                  },
                  {
                    "message": "",
                    "reason": "",
                    "status": "True",
                    "type": "RoutesReady"
                  }
                ],
                "latest_created_revision_name": "renderer-z2vfv",
                "latest_ready_revision_name": "renderer-z2vfv",
                "observed_generation": 1,
                "url": "https://renderer-27m4azpmnq-uc.a.run.app"
              }
            ],
            "template": [
              {
                "metadata": [
                  {
                    "annotations": {
                      "autoscaling.knative.dev/maxScale": "3"
                    },
                    "generation": 0,
                    "labels": {},
                    "name": "",
                    "namespace": "",
                    "resource_version": "",
                    "self_link": "",
                    "uid": ""
                  }
                ],
                "spec": [
                  {
                    "container_concurrency": 80,
                    "containers": [
                      {
                        "args": null,
                        "command": null,
                        "env": [],
                        "env_from": [],
                        "image": "gcr.io/serious-dialect-367517/renderer",
                        "liveness_probe": [],
                        "ports": [
                          {
                            "container_port": 8080,
                            "name": "http1",
                            "protocol": ""
                          }
                        ],
                        "resources": [
                          {
                            "limits": {
                              "cpu": "1000m",
                              "memory": "512Mi"
                            },
                            "requests": {}
                          }
                        ],
                        "startup_probe": [],
                        "volume_mounts": [],
                        "working_dir": ""
                      }
                    ],
                    "service_account_name": "renderer-identity@serious-dialect-367517.iam.gserviceaccount.com",
                    "serving_state": "",
                    "timeout_seconds": 300,
                    "volumes": []
                  }
                ]
              }
            ],
            "timeouts": null,
            "traffic": [
              {
                "latest_revision": true,
                "percent": 100,
                "revision_name": "",
                "tag": "",
                "url": ""
              }
            ]
          },
          "sensitive_attributes": [],
          "private": "eyJlMmJmYjczMC1lY2FhLTExZTYtOGY4OC0zNDM2M2JjN2M0YzAiOnsiY3JlYXRlIjoxMjAwMDAwMDAwMDAwLCJkZWxldGUiOjEyMDAwMDAwMDAwMDAsInVwZGF0ZSI6MTIwMDAwMDAwMDAwMH0sInNjaGVtYV92ZXJzaW9uIjoiMSJ9",
          "dependencies": [
            "google_service_account.renderer",
            "null_resource.git_clone"
          ]
        }
      ]
    },
    {
      "mode": "managed",
      "type": "google_cloud_run_service_iam_member",
      "name": "editor_invokes_renderer",
      "provider": "provider[\"registry.terraform.io/hashicorp/google-beta\"]",
      "instances": [
        {
          "schema_version": 0,
          "attributes": {
            "condition": [],
            "etag": "BwXul6TFeNg=",
            "id": "v1/projects/serious-dialect-367517/locations/us-central1/services/renderer/roles/run.invoker/serviceAccount:editor-identity@serious-dialect-367517.iam.gserviceaccount.com",
            "location": "us-central1",
            "member": "serviceAccount:editor-identity@serious-dialect-367517.iam.gserviceaccount.com",
            "project": "serious-dialect-367517",
            "role": "roles/run.invoker",
            "service": "v1/projects/serious-dialect-367517/locations/us-central1/services/renderer"
          },
          "sensitive_attributes": [],
          "private": "bnVsbA==",
          "dependencies": [
            "google_cloud_run_service.renderer",
            "google_service_account.editor",
            "google_service_account.renderer",
            "null_resource.git_clone"
          ]
        }
      ]
    },
    {
      "mode": "managed",
      "type": "google_cloud_run_service_iam_policy",
      "name": "noauth",
      "provider": "provider[\"registry.terraform.io/hashicorp/google-beta\"]",
      "instances": [
        {
          "schema_version": 0,
          "attributes": {
            "etag": "BwXul6WvGL4=",
            "id": "v1/projects/serious-dialect-367517/locations/us-central1/services/editor",
            "location": "us-central1",
            "policy_data": "{\"bindings\":[{\"members\":[\"allUsers\"],\"role\":\"roles/run.invoker\"}]}",
            "project": "serious-dialect-367517",
            "service": "v1/projects/serious-dialect-367517/locations/us-central1/services/editor"
          },
          "sensitive_attributes": [],
          "private": "bnVsbA==",
          "dependencies": [
            "data.google_iam_policy.noauth",
            "google_cloud_run_service.editor",
            "google_cloud_run_service.renderer",
            "google_service_account.editor",
            "google_service_account.renderer",
            "null_resource.editor",
            "null_resource.git_clone"
          ]
        }
      ]
    },
    {
      "mode": "managed",
      "type": "google_service_account",
      "name": "editor",
      "provider": "provider[\"registry.terraform.io/hashicorp/google-beta\"]",
      "instances": [
        {
          "schema_version": 0,
          "attributes": {
            "account_id": "editor-identity",
            "description": "",
            "disabled": false,
            "display_name": "Service identity of the Editor (Frontend) service.",
            "email": "editor-identity@serious-dialect-367517.iam.gserviceaccount.com",
            "id": "projects/serious-dialect-367517/serviceAccounts/editor-identity@serious-dialect-367517.iam.gserviceaccount.com",
            "member": "serviceAccount:editor-identity@serious-dialect-367517.iam.gserviceaccount.com",
            "name": "projects/serious-dialect-367517/serviceAccounts/editor-identity@serious-dialect-367517.iam.gserviceaccount.com",
            "project": "serious-dialect-367517",
            "timeouts": null,
            "unique_id": "108877996884244820436"
          },
          "sensitive_attributes": [],
          "private": "eyJlMmJmYjczMC1lY2FhLTExZTYtOGY4OC0zNDM2M2JjN2M0YzAiOnsiY3JlYXRlIjozMDAwMDAwMDAwMDB9fQ=="
        }
      ]
    },
    {
      "mode": "managed",
      "type": "google_service_account",
      "name": "renderer",
      "provider": "provider[\"registry.terraform.io/hashicorp/google-beta\"]",
      "instances": [
        {
          "schema_version": 0,
          "attributes": {
            "account_id": "renderer-identity",
            "description": "",
            "disabled": false,
            "display_name": "Service identity of the Renderer (Backend) service.",
            "email": "renderer-identity@serious-dialect-367517.iam.gserviceaccount.com",
            "id": "projects/serious-dialect-367517/serviceAccounts/renderer-identity@serious-dialect-367517.iam.gserviceaccount.com",
            "member": "serviceAccount:renderer-identity@serious-dialect-367517.iam.gserviceaccount.com",
            "name": "projects/serious-dialect-367517/serviceAccounts/renderer-identity@serious-dialect-367517.iam.gserviceaccount.com",
            "project": "serious-dialect-367517",
            "timeouts": null,
            "unique_id": "101726609247790155650"
          },
          "sensitive_attributes": [],
          "private": "eyJlMmJmYjczMC1lY2FhLTExZTYtOGY4OC0zNDM2M2JjN2M0YzAiOnsiY3JlYXRlIjozMDAwMDAwMDAwMDB9fQ=="
        }
      ]
    },
    {
      "mode": "managed",
      "type": "null_resource",
      "name": "editor",
      "provider": "provider[\"registry.terraform.io/hashicorp/null\"]",
      "instances": [
        {
          "schema_version": 0,
          "attributes": {
            "id": "8615662210779463506",
            "triggers": null
          },
          "sensitive_attributes": []
        }
      ]
    },
    {
      "mode": "managed",
      "type": "null_resource",
      "name": "git_clone",
      "provider": "provider[\"registry.terraform.io/hashicorp/null\"]",
      "instances": [
        {
          "schema_version": 0,
          "attributes": {
            "id": "5005048968546964753",
            "triggers": null
          },
          "sensitive_attributes": []
        }
      ]
    }
  ],
  "check_results": null
}
